<?xml version="1.0" encoding="utf-8"?>
<Project ToolsVersion="4.0" xmlns="http://schemas.microsoft.com/developer/msbuild/2003">
  <ItemGroup>
    <ClCompile Include="..\src\main.cpp" />
    <ClCompile Include="..\src\AST\ast.cpp" />
    <ClCompile Include="..\src\parser\parser.cpp" />
    <ClCompile Include="..\src\generator\generator.cpp" />
    <ClCompile Include="..\src\generator\generatorGLSL.cpp" />
    <ClCompile Include="..\src\generator\generatorHLSL.cpp" />
  </ItemGroup>
  <ItemGroup>
    <ClInclude Include="..\src\main.hpp" />
    <ClInclude Include="..\src\generator\generatorGLSL.hpp" />
    <ClInclude Include="..\src\generator\generatorHLSL.hpp" />
  </ItemGroup>
</Project>